// !$*UTF8*$!
{
	archiveVersion = 1;
	classes = {
	};
	objectVersion = 50;
	objects = {

/* Begin PBXBuildFile section */
		DEC4A68624771A3800B3D712 /* AppDelegate.swift in Sources */ = {isa = PBXBuildFile; fileRef = DEC4A68524771A3800B3D712 /* AppDelegate.swift */; };
		DEC4A68824771A3800B3D712 /* SceneDelegate.swift in Sources */ = {isa = PBXBuildFile; fileRef = DEC4A68724771A3800B3D712 /* SceneDelegate.swift */; };
		DEC4A68A24771A3800B3D712 /* ContentView.swift in Sources */ = {isa = PBXBuildFile; fileRef = DEC4A68924771A3800B3D712 /* ContentView.swift */; };
		DEC4A68C24771A3B00B3D712 /* Assets.xcassets in Resources */ = {isa = PBXBuildFile; fileRef = DEC4A68B24771A3B00B3D712 /* Assets.xcassets */; };
		DEC4A68F24771A3B00B3D712 /* Preview Assets.xcassets in Resources */ = {isa = PBXBuildFile; fileRef = DEC4A68E24771A3B00B3D712 /* Preview Assets.xcassets */; };
		DEC4A69224771A3B00B3D712 /* LaunchScreen.storyboard in Resources */ = {isa = PBXBuildFile; fileRef = DEC4A69024771A3B00B3D712 /* LaunchScreen.storyboard */; };
		DEC4A6B42477256900B3D712 /* SettingsView.swift in Sources */ = {isa = PBXBuildFile; fileRef = DEC4A6B32477256900B3D712 /* SettingsView.swift */; };
		DEC4A6B62477257300B3D712 /* ShapeView.swift in Sources */ = {isa = PBXBuildFile; fileRef = DEC4A6B52477257300B3D712 /* ShapeView.swift */; };
		DEC4A6B82477257D00B3D712 /* ShapeSettings.swift in Sources */ = {isa = PBXBuildFile; fileRef = DEC4A6B72477257D00B3D712 /* ShapeSettings.swift */; };
/* End PBXBuildFile section */

/* Begin PBXFileReference section */
		DEC4A68224771A3800B3D712 /* ShapeSettings.app */ = {isa = PBXFileReference; explicitFileType = wrapper.application; includeInIndex = 0; path = ShapeSettings.app; sourceTree = BUILT_PRODUCTS_DIR; };
		DEC4A68524771A3800B3D712 /* AppDelegate.swift */ = {isa = PBXFileReference; lastKnownFileType = sourcecode.swift; path = AppDelegate.swift; sourceTree = "<group>"; };
		DEC4A68724771A3800B3D712 /* SceneDelegate.swift */ = {isa = PBXFileReference; lastKnownFileType = sourcecode.swift; path = SceneDelegate.swift; sourceTree = "<group>"; };
		DEC4A68924771A3800B3D712 /* ContentView.swift */ = {isa = PBXFileReference; lastKnownFileType = sourcecode.swift; path = ContentView.swift; sourceTree = "<group>"; };
		DEC4A68B24771A3B00B3D712 /* Assets.xcassets */ = {isa = PBXFileReference; lastKnownFileType = folder.assetcatalog; path = Assets.xcassets; sourceTree = "<group>"; };
		DEC4A68E24771A3B00B3D712 /* Preview Assets.xcassets */ = {isa = PBXFileReference; lastKnownFileType = folder.assetcatalog; path = "Preview Assets.xcassets"; sourceTree = "<group>"; };
		DEC4A69124771A3B00B3D712 /* Base */ = {isa = PBXFileReference; lastKnownFileType = file.storyboard; name = Base; path = Base.lproj/LaunchScreen.storyboard; sourceTree = "<group>"; };
		DEC4A69324771A3B00B3D712 /* Info.plist */ = {isa = PBXFileReference; lastKnownFileType = text.plist.xml; path = Info.plist; sourceTree = "<group>"; };
		DEC4A6B32477256900B3D712 /* SettingsView.swift */ = {isa = PBXFileReference; lastKnownFileType = sourcecode.swift; path = SettingsView.swift; sourceTree = "<group>"; };
		DEC4A6B52477257300B3D712 /* ShapeView.swift */ = {isa = PBXFileReference; lastKnownFileType = sourcecode.swift; path = ShapeView.swift; sourceTree = "<group>"; };
		DEC4A6B72477257D00B3D712 /* ShapeSettings.swift */ = {isa = PBXFileReference; lastKnownFileType = sourcecode.swift; path = ShapeSettings.swift; sourceTree = "<group>"; };
/* End PBXFileReference section */

/* Begin PBXFrameworksBuildPhase section */
		DEC4A67F24771A3800B3D712 /* Frameworks */ = {
			isa = PBXFrameworksBuildPhase;
			buildActionMask = 2147483647;
			files = (
			);
			runOnlyForDeploymentPostprocessing = 0;
		};
/* End PBXFrameworksBuildPhase section */

/* Begin PBXGroup section */
		DEC4A67924771A3800B3D712 = {
			isa = PBXGroup;
			children = (
				DEC4A68424771A3800B3D712 /* ShapeSettings */,
				DEC4A68324771A3800B3D712 /* Products */,
			);
			sourceTree = "<group>";
		};
		DEC4A68324771A3800B3D712 /* Products */ = {
			isa = PBXGroup;
			children = (
				DEC4A68224771A3800B3D712 /* ShapeSettings.app */,
			);
			name = Products;
			sourceTree = "<group>";
		};
		DEC4A68424771A3800B3D712 /* ShapeSettings */ = {
			isa = PBXGroup;
			children = (
				DEC4A6B22477256000B3D712 /* View */,
				DEC4A6B12477255800B3D712 /* Model */,
				DEC4A68524771A3800B3D712 /* AppDelegate.swift */,
				DEC4A68724771A3800B3D712 /* SceneDelegate.swift */,
				DEC4A68924771A3800B3D712 /* ContentView.swift */,
				DEC4A68B24771A3B00B3D712 /* Assets.xcassets */,
				DEC4A69024771A3B00B3D712 /* LaunchScreen.storyboard */,
				DEC4A69324771A3B00B3D712 /* Info.plist */,
				DEC4A68D24771A3B00B3D712 /* Preview Content */,
			);
			path = ShapeSettings;
			sourceTree = "<group>";
		};
		DEC4A68D24771A3B00B3D712 /* Preview Content */ = {
			isa = PBXGroup;
			children = (
				DEC4A68E24771A3B00B3D712 /* Preview Assets.xcassets */,
			);
			path = "Preview Content";
			sourceTree = "<group>";
		};
		DEC4A6B12477255800B3D712 /* Model */ = {
			isa = PBXGroup;
			children = (
				DEC4A6B72477257D00B3D712 /* ShapeSettings.swift */,
			);
			path = Model;
			sourceTree = "<group>";
		};
		DEC4A6B22477256000B3D712 /* View */ = {
			isa = PBXGroup;
			children = (
				DEC4A6B32477256900B3D712 /* SettingsView.swift */,
				DEC4A6B52477257300B3D712 /* ShapeView.swift */,
			);
			path = View;
			sourceTree = "<group>";
		};
/* End PBXGroup section */

/* Begin PBXNativeTarget section */
		DEC4A68124771A3800B3D712 /* ShapeSettings */ = {
			isa = PBXNativeTarget;
			buildConfigurationList = DEC4A69624771A3B00B3D712 /* Build configuration list for PBXNativeTarget "ShapeSettings" */;
			buildPhases = (
				DEC4A67E24771A3800B3D712 /* Sources */,
				DEC4A67F24771A3800B3D712 /* Frameworks */,
				DEC4A68024771A3800B3D712 /* Resources */,
			);
			buildRules = (
			);
			dependencies = (
			);
			name = ShapeSettings;
			productName = ShapeSettings;
			productReference = DEC4A68224771A3800B3D712 /* ShapeSettings.app */;
			productType = "com.apple.product-type.application";
		};
/* End PBXNativeTarget section */

/* Begin PBXProject section */
		DEC4A67A24771A3800B3D712 /* Project object */ = {
			isa = PBXProject;
			attributes = {
				LastSwiftUpdateCheck = 1140;
				LastUpgradeCheck = 1140;
				ORGANIZATIONNAME = SchwiftyUI;
				TargetAttributes = {
					DEC4A68124771A3800B3D712 = {
						CreatedOnToolsVersion = 11.4.1;
					};
				};
			};
			buildConfigurationList = DEC4A67D24771A3800B3D712 /* Build configuration list for PBXProject "ShapeSettings" */;
			compatibilityVersion = "Xcode 9.3";
			developmentRegion = en;
			hasScannedForEncodings = 0;
			knownRegions = (
				en,
				Base,
			);
			mainGroup = DEC4A67924771A3800B3D712;
			productRefGroup = DEC4A68324771A3800B3D712 /* Products */;
			projectDirPath = "";
			projectRoot = "";
			targets = (
				DEC4A68124771A3800B3D712 /* ShapeSettings */,
			);
		};
/* End PBXProject section */

/* Begin PBXResourcesBuildPhase section */
		DEC4A68024771A3800B3D712 /* Resources */ = {
			isa = PBXResourcesBuildPhase;
			buildActionMask = 2147483647;
			files = (
				DEC4A69224771A3B00B3D712 /* LaunchScreen.storyboard in Resources */,
				DEC4A68F24771A3B00B3D712 /* Preview Assets.xcassets in Resources */,
				DEC4A68C24771A3B00B3D712 /* Assets.xcassets in Resources */,
			);
			runOnlyForDeploymentPostprocessing = 0;
		};
/* End PBXResourcesBuildPhase section */

/* Begin PBXSourcesBuildPhase section */
		DEC4A67E24771A3800B3D712 /* Sources */ = {
			isa = PBXSourcesBuildPhase;
			buildActionMask = 2147483647;
			files = (
				DEC4A6B62477257300B3D712 /* ShapeView.swift in Sources */,
				DEC4A68624771A3800B3D712 /* AppDelegate.swift in Sources */,
				DEC4A6B42477256900B3D712 /* SettingsView.swift in Sources */,
				DEC4A68824771A3800B3D712 /* SceneDelegate.swift in Sources */,
				DEC4A6B82477257D00B3D712 /* ShapeSettings.swift in Sources */,
				DEC4A68A24771A3800B3D712 /* ContentView.swift in Sources */,
			);
			runOnlyForDeploymentPostprocessing = 0;
		};
/* End PBXSourcesBuildPhase section */

/* Begin PBXVariantGroup section */
		DEC4A69024771A3B00B3D712 /* LaunchScreen.storyboard */ = {
			isa = PBXVariantGroup;
			children = (
				DEC4A69124771A3B00B3D712 /* Base */,
			);
			name = LaunchScreen.storyboard;
			sourceTree = "<group>";
		};
/* End PBXVariantGroup section */

/* Begin XCBuildConfiguration section */
		DEC4A69424771A3B00B3D712 /* Debug */ = {
			isa = XCBuildConfiguration;
			buildSettings = {
				ALWAYS_SEARCH_USER_PATHS = NO;
				CLANG_ANALYZER_NONNULL = YES;
				CLANG_ANALYZER_NUMBER_OBJECT_CONVERSION = YES_AGGRESSIVE;
				CLANG_CXX_LANGUAGE_STANDARD = "gnu++14";
				CLANG_CXX_LIBRARY = "libc++";
				CLANG_ENABLE_MODULES = YES;
				CLANG_ENABLE_OBJC_ARC = YES;
				CLANG_ENABLE_OBJC_WEAK = YES;
				CLANG_WARN_BLOCK_CAPTURE_AUTORELEASING = YES;
				CLANG_WARN_BOOL_CONVERSION = YES;
				CLANG_WARN_COMMA = YES;
				CLANG_WARN_CONSTANT_CONVERSION = YES;
				CLANG_WARN_DEPRECATED_OBJC_IMPLEMENTATIONS = YES;
				CLANG_WARN_DIRECT_OBJC_ISA_USAGE = YES_ERROR;
				CLANG_WARN_DOCUMENTATION_COMMENTS = YES;
				CLANG_WARN_EMPTY_BODY = YES;
				CLANG_WARN_ENUM_CONVERSION = YES;
				CLANG_WARN_INFINITE_RECURSION = YES;
				CLANG_WARN_INT_CONVERSION = YES;
				CLANG_WARN_NON_LITERAL_NULL_CONVERSION = YES;
				CLANG_WARN_OBJC_IMPLICIT_RETAIN_SELF = YES;
				CLANG_WARN_OBJC_LITERAL_CONVERSION = YES;
				CLANG_WARN_OBJC_ROOT_CLASS = YES_ERROR;
				CLANG_WARN_RANGE_LOOP_ANALYSIS = YES;
				CLANG_WARN_STRICT_PROTOTYPES = YES;
				CLANG_WARN_SUSPICIOUS_MOVE = YES;
				CLANG_WARN_UNGUARDED_AVAILABILITY = YES_AGGRESSIVE;
				CLANG_WARN_UNREACHABLE_CODE = YES;
				CLANG_WARN__DUPLICATE_METHOD_MATCH = YES;
				COPY_PHASE_STRIP = NO;
				DEBUG_INFORMATION_FORMAT = dwarf;
				ENABLE_STRICT_OBJC_MSGSEND = YES;
				ENABLE_TESTABILITY = YES;
				GCC_C_LANGUAGE_STANDARD = gnu11;
				GCC_DYNAMIC_NO_PIC = NO;
				GCC_NO_COMMON_BLOCKS = YES;
				GCC_OPTIMIZATION_LEVEL = 0;
				GCC_PREPROCESSOR_DEFINITIONS = (
					"DEBUG=1",
					"$(inherited)",
				);
				GCC_WARN_64_TO_32_BIT_CONVERSION = YES;
				GCC_WARN_ABOUT_RETURN_TYPE = YES_ERROR;
				GCC_WARN_UNDECLARED_SELECTOR = YES;
				GCC_WARN_UNINITIALIZED_AUTOS = YES_AGGRESSIVE;
				GCC_WARN_UNUSED_FUNCTION = YES;
				GCC_WARN_UNUSED_VARIABLE = YES;
				IPHONEOS_DEPLOYMENT_TARGET = 13.4;
				MTL_ENABLE_DEBUG_INFO = INCLUDE_SOURCE;
				MTL_FAST_MATH = YES;
				ONLY_ACTIVE_ARCH = YES;
				SDKROOT = iphoneos;
				SWIFT_ACTIVE_COMPILATION_CONDITIONS = DEBUG;
				SWIFT_OPTIMIZATION_LEVEL = "-Onone";
			};
			name = Debug;
		};
		DEC4A69524771A3B00B3D712 /* Release */ = {
			isa = XCBuildConfiguration;
			buildSettings = {
				ALWAYS_SEARCH_USER_PATHS = NO;
				CLANG_ANALYZER_NONNULL = YES;
				CLANG_ANALYZER_NUMBER_OBJECT_CONVERSION = YES_AGGRESSIVE;
				CLANG_CXX_LANGUAGE_STANDARD = "gnu++14";
				CLANG_CXX_LIBRARY = "libc++";
				CLANG_ENABLE_MODULES = YES;
				CLANG_ENABLE_OBJC_ARC = YES;
				CLANG_ENABLE_OBJC_WEAK = YES;
				CLANG_WARN_BLOCK_CAPTURE_AUTORELEASING = YES;
				CLANG_WARN_BOOL_CONVERSION = YES;
				CLANG_WARN_COMMA = YES;
				CLANG_WARN_CONSTANT_CONVERSION = YES;
				CLANG_WARN_DEPRECATED_OBJC_IMPLEMENTATIONS = YES;
				CLANG_WARN_DIRECT_OBJC_ISA_USAGE = YES_ERROR;
				CLANG_WARN_DOCUMENTATION_COMMENTS = YES;
				CLANG_WARN_EMPTY_BODY = YES;
				CLANG_WARN_ENUM_CONVERSION = YES;
				CLANG_WARN_INFINITE_RECURSION = YES;
				CLANG_WARN_INT_CONVERSION = YES;
				CLANG_WARN_NON_LITERAL_NULL_CONVERSION = YES;
				CLANG_WARN_OBJC_IMPLICIT_RETAIN_SELF = YES;
				CLANG_WARN_OBJC_LITERAL_CONVERSION = YES;
				CLANG_WARN_OBJC_ROOT_CLASS = YES_ERROR;
				CLANG_WARN_RANGE_LOOP_ANALYSIS = YES;
				CLANG_WARN_STRICT_PROTOTYPES = YES;
				CLANG_WARN_SUSPICIOUS_MOVE = YES;
				CLANG_WARN_UNGUARDED_AVAILABILITY = YES_AGGRESSIVE;
				CLANG_WARN_UNREACHABLE_CODE = YES;
				CLANG_WARN__DUPLICATE_METHOD_MATCH = YES;
				COPY_PHASE_STRIP = NO;
				DEBUG_INFORMATION_FORMAT = "dwarf-with-dsym";
				ENABLE_NS_ASSERTIONS = NO;
				ENABLE_STRICT_OBJC_MSGSEND = YES;
				GCC_C_LANGUAGE_STANDARD = gnu11;
				GCC_NO_COMMON_BLOCKS = YES;
				GCC_WARN_64_TO_32_BIT_CONVERSION = YES;
				GCC_WARN_ABOUT_RETURN_TYPE = YES_ERROR;
				GCC_WARN_UNDECLARED_SELECTOR = YES;
				GCC_WARN_UNINITIALIZED_AUTOS = YES_AGGRESSIVE;
				GCC_WARN_UNUSED_FUNCTION = YES;
				GCC_WARN_UNUSED_VARIABLE = YES;
				IPHONEOS_DEPLOYMENT_TARGET = 13.4;
				MTL_ENABLE_DEBUG_INFO = NO;
				MTL_FAST_MATH = YES;
				SDKROOT = iphoneos;
				SWIFT_COMPILATION_MODE = wholemodule;
				SWIFT_OPTIMIZATION_LEVEL = "-O";
				VALIDATE_PRODUCT = YES;
			};
			name = Release;
		};
		DEC4A69724771A3B00B3D712 /* Debug */ = {
			isa = XCBuildConfiguration;
			buildSettings = {
				ASSETCATALOG_COMPILER_APPICON_NAME = AppIcon;
				CODE_SIGN_STYLE = Automatic;
				DEVELOPMENT_ASSET_PATHS = "\"ShapeSettings/Preview Content\"";
				ENABLE_PREVIEWS = YES;
				INFOPLIST_FILE = ShapeSettings/Info.plist;
				LD_RUNPATH_SEARCH_PATHS = (
					"$(inherited)",
					"@executable_path/Frameworks",
				);
				PRODUCT_BUNDLE_IDENTIFIER = com.SchwiftyUI.ShapeSettings;
				PRODUCT_NAME = "$(TARGET_NAME)";
				SWIFT_VERSION = 5.0;
				TARGETED_DEVICE_FAMILY = "1,2";
			};
			name = Debug;
		};
		DEC4A69824771A3B00B3D712 /* Release */ = {
			isa = XCBuildConfiguration;
			buildSettings = {
				ASSETCATALOG_COMPILER_APPICON_NAME = AppIcon;
				CODE_SIGN_STYLE = Automatic;
				DEVELOPMENT_ASSET_PATHS = "\"ShapeSettings/Preview Content\"";
				ENABLE_PREVIEWS = YES;
				INFOPLIST_FILE = ShapeSettings/Info.plist;
				LD_RUNPATH_SEARCH_PATHS = (
					"$(inherited)",
					"@executable_path/Frameworks",
				);
				PRODUCT_BUNDLE_IDENTIFIER = com.SchwiftyUI.ShapeSettings;
				PRODUCT_NAME = "$(TARGET_NAME)";
				SWIFT_VERSION = 5.0;
				TARGETED_DEVICE_FAMILY = "1,2";
			};
			name = Release;
		};
/* End XCBuildConfiguration section */

/* Begin XCConfigurationList section */
		DEC4A67D24771A3800B3D712 /* Build configuration list for PBXProject "ShapeSettings" */ = {
			isa = XCConfigurationList;
			buildConfigurations = (
				DEC4A69424771A3B00B3D712 /* Debug */,
				DEC4A69524771A3B00B3D712 /* Release */,
			);
			defaultConfigurationIsVisible = 0;
			defaultConfigurationName = Release;
		};
		DEC4A69624771A3B00B3D712 /* Build configuration list for PBXNativeTarget "ShapeSettings" */ = {
			isa = XCConfigurationList;
			buildConfigurations = (
				DEC4A69724771A3B00B3D712 /* Debug */,
				DEC4A69824771A3B00B3D712 /* Release */,
			);
			defaultConfigurationIsVisible = 0;
			defaultConfigurationName = Release;
		};
/* End XCConfigurationList section */
	};
	rootObject = DEC4A67A24771A3800B3D712 /* Project object */;
}
